
Microsoft Visual Studio Solution File, Format Version 12.00
# Visual Studio 15
VisualStudioVersion = 15.0.28010.2019
MinimumVisualStudioVersion = 10.0.40219.1
Project("{2150E333-8FDC-42A3-9474-1A3956D46DE8}") = "Apresentacao", "Apresentacao", "{0DB2BB9D-AF95-4634-83DB-1C55931614B9}"
EndProject
Project("{2150E333-8FDC-42A3-9474-1A3956D46DE8}") = "Servicos", "Servicos", "{D04BD23C-2577-4B55-B00B-E7453D2E38C2}"
EndProject
Project("{2150E333-8FDC-42A3-9474-1A3956D46DE8}") = "Aplicacao", "Aplicacao", "{A57A8A54-3466-4A36-9FBC-0B863F28563D}"
EndProject
Project("{2150E333-8FDC-42A3-9474-1A3956D46DE8}") = "Dominio", "Dominio", "{75B9FE63-2BF3-4277-BE4E-1C747CADFE1D}"
EndProject
Project("{2150E333-8FDC-42A3-9474-1A3956D46DE8}") = "Infra", "Infra", "{B564B1ED-E745-4E8F-912A-1D197F8E19BE}"
EndProject
Project("{2150E333-8FDC-42A3-9474-1A3956D46DE8}") = "Dados", "Dados", "{B2E324D1-5206-4EAC-9230-2F13920EB00F}"
EndProject
Project("{2150E333-8FDC-42A3-9474-1A3956D46DE8}") = "Cross Cutting", "Cross Cutting", "{5AF554B3-3A1D-4DC3-98B1-A20FE7EBE802}"
EndProject
Project("{FAE04EC0-301F-11D3-BF4B-00C04F79EFBC}") = "HelDesk.Application", "HelDesk.Application\HelDesk.Application.csproj", "{0A78BEBB-B3B3-4B21-B4AD-44AB5028F00A}"
EndProject
Project("{FAE04EC0-301F-11D3-BF4B-00C04F79EFBC}") = "HelpDesk.Domain", "HelpDesk.Domain\HelpDesk.Domain.csproj", "{1E0081D8-D9FF-422A-832A-42407B6FB6A1}"
EndProject
Project("{FAE04EC0-301F-11D3-BF4B-00C04F79EFBC}") = "HelpDesk.MVC", "HelpDesk.MVC\HelpDesk.MVC.csproj", "{82AB8B57-6810-4E23-8DDE-82F99F7C7E65}"
EndProject
Project("{FAE04EC0-301F-11D3-BF4B-00C04F79EFBC}") = "HelpDesk.Data", "HelpDesk.Infra.Data\HelpDesk.Data.csproj", "{3B0FB420-5AA3-454F-9E59-62066A8A0A63}"
EndProject
Global
	GlobalSection(SolutionConfigurationPlatforms) = preSolution
		Debug|Any CPU = Debug|Any CPU
		Debug|ARM = Debug|ARM
		Debug|x64 = Debug|x64
		Debug|x86 = Debug|x86
		Release|Any CPU = Release|Any CPU
		Release|ARM = Release|ARM
		Release|x64 = Release|x64
		Release|x86 = Release|x86
	EndGlobalSection
	GlobalSection(ProjectConfigurationPlatforms) = postSolution
		{0A78BEBB-B3B3-4B21-B4AD-44AB5028F00A}.Debug|Any CPU.ActiveCfg = Debug|Any CPU
		{0A78BEBB-B3B3-4B21-B4AD-44AB5028F00A}.Debug|Any CPU.Build.0 = Debug|Any CPU
		{0A78BEBB-B3B3-4B21-B4AD-44AB5028F00A}.Debug|ARM.ActiveCfg = Debug|Any CPU
		{0A78BEBB-B3B3-4B21-B4AD-44AB5028F00A}.Debug|ARM.Build.0 = Debug|Any CPU
		{0A78BEBB-B3B3-4B21-B4AD-44AB5028F00A}.Debug|x64.ActiveCfg = Debug|Any CPU
		{0A78BEBB-B3B3-4B21-B4AD-44AB5028F00A}.Debug|x64.Build.0 = Debug|Any CPU
		{0A78BEBB-B3B3-4B21-B4AD-44AB5028F00A}.Debug|x86.ActiveCfg = Debug|Any CPU
		{0A78BEBB-B3B3-4B21-B4AD-44AB5028F00A}.Debug|x86.Build.0 = Debug|Any CPU
		{0A78BEBB-B3B3-4B21-B4AD-44AB5028F00A}.Release|Any CPU.ActiveCfg = Release|Any CPU
		{0A78BEBB-B3B3-4B21-B4AD-44AB5028F00A}.Release|Any CPU.Build.0 = Release|Any CPU
		{0A78BEBB-B3B3-4B21-B4AD-44AB5028F00A}.Release|ARM.ActiveCfg = Release|Any CPU
		{0A78BEBB-B3B3-4B21-B4AD-44AB5028F00A}.Release|ARM.Build.0 = Release|Any CPU
		{0A78BEBB-B3B3-4B21-B4AD-44AB5028F00A}.Release|x64.ActiveCfg = Release|Any CPU
		{0A78BEBB-B3B3-4B21-B4AD-44AB5028F00A}.Release|x64.Build.0 = Release|Any CPU
		{0A78BEBB-B3B3-4B21-B4AD-44AB5028F00A}.Release|x86.ActiveCfg = Release|Any CPU
		{0A78BEBB-B3B3-4B21-B4AD-44AB5028F00A}.Release|x86.Build.0 = Release|Any CPU
		{1E0081D8-D9FF-422A-832A-42407B6FB6A1}.Debug|Any CPU.ActiveCfg = Debug|Any CPU
		{1E0081D8-D9FF-422A-832A-42407B6FB6A1}.Debug|Any CPU.Build.0 = Debug|Any CPU
		{1E0081D8-D9FF-422A-832A-42407B6FB6A1}.Debug|ARM.ActiveCfg = Debug|Any CPU
		{1E0081D8-D9FF-422A-832A-42407B6FB6A1}.Debug|ARM.Build.0 = Debug|Any CPU
		{1E0081D8-D9FF-422A-832A-42407B6FB6A1}.Debug|x64.ActiveCfg = Debug|Any CPU
		{1E0081D8-D9FF-422A-832A-42407B6FB6A1}.Debug|x64.Build.0 = Debug|Any CPU
		{1E0081D8-D9FF-422A-832A-42407B6FB6A1}.Debug|x86.ActiveCfg = Debug|Any CPU
		{1E0081D8-D9FF-422A-832A-42407B6FB6A1}.Debug|x86.Build.0 = Debug|Any CPU
		{1E0081D8-D9FF-422A-832A-42407B6FB6A1}.Release|Any CPU.ActiveCfg = Release|Any CPU
		{1E0081D8-D9FF-422A-832A-42407B6FB6A1}.Release|Any CPU.Build.0 = Release|Any CPU
		{1E0081D8-D9FF-422A-832A-42407B6FB6A1}.Release|ARM.ActiveCfg = Release|Any CPU
		{1E0081D8-D9FF-422A-832A-42407B6FB6A1}.Release|ARM.Build.0 = Release|Any CPU
		{1E0081D8-D9FF-422A-832A-42407B6FB6A1}.Release|x64.ActiveCfg = Release|Any CPU
		{1E0081D8-D9FF-422A-832A-42407B6FB6A1}.Release|x64.Build.0 = Release|Any CPU
		{1E0081D8-D9FF-422A-832A-42407B6FB6A1}.Release|x86.ActiveCfg = Release|Any CPU
		{1E0081D8-D9FF-422A-832A-42407B6FB6A1}.Release|x86.Build.0 = Release|Any CPU
		{82AB8B57-6810-4E23-8DDE-82F99F7C7E65}.Debug|Any CPU.ActiveCfg = Debug|Any CPU
		{82AB8B57-6810-4E23-8DDE-82F99F7C7E65}.Debug|Any CPU.Build.0 = Debug|Any CPU
		{82AB8B57-6810-4E23-8DDE-82F99F7C7E65}.Debug|ARM.ActiveCfg = Debug|Any CPU
		{82AB8B57-6810-4E23-8DDE-82F99F7C7E65}.Debug|ARM.Build.0 = Debug|Any CPU
		{82AB8B57-6810-4E23-8DDE-82F99F7C7E65}.Debug|x64.ActiveCfg = Debug|Any CPU
		{82AB8B57-6810-4E23-8DDE-82F99F7C7E65}.Debug|x64.Build.0 = Debug|Any CPU
		{82AB8B57-6810-4E23-8DDE-82F99F7C7E65}.Debug|x86.ActiveCfg = Debug|Any CPU
		{82AB8B57-6810-4E23-8DDE-82F99F7C7E65}.Debug|x86.Build.0 = Debug|Any CPU
		{82AB8B57-6810-4E23-8DDE-82F99F7C7E65}.Release|Any CPU.ActiveCfg = Release|Any CPU
		{82AB8B57-6810-4E23-8DDE-82F99F7C7E65}.Release|Any CPU.Build.0 = Release|Any CPU
		{82AB8B57-6810-4E23-8DDE-82F99F7C7E65}.Release|ARM.ActiveCfg = Release|Any CPU
		{82AB8B57-6810-4E23-8DDE-82F99F7C7E65}.Release|ARM.Build.0 = Release|Any CPU
		{82AB8B57-6810-4E23-8DDE-82F99F7C7E65}.Release|x64.ActiveCfg = Release|Any CPU
		{82AB8B57-6810-4E23-8DDE-82F99F7C7E65}.Release|x64.Build.0 = Release|Any CPU
		{82AB8B57-6810-4E23-8DDE-82F99F7C7E65}.Release|x86.ActiveCfg = Release|Any CPU
		{82AB8B57-6810-4E23-8DDE-82F99F7C7E65}.Release|x86.Build.0 = Release|Any CPU
		{3B0FB420-5AA3-454F-9E59-62066A8A0A63}.Debug|Any CPU.ActiveCfg = Debug|Any CPU
		{3B0FB420-5AA3-454F-9E59-62066A8A0A63}.Debug|Any CPU.Build.0 = Debug|Any CPU
		{3B0FB420-5AA3-454F-9E59-62066A8A0A63}.Debug|ARM.ActiveCfg = Debug|Any CPU
		{3B0FB420-5AA3-454F-9E59-62066A8A0A63}.Debug|ARM.Build.0 = Debug|Any CPU
		{3B0FB420-5AA3-454F-9E59-62066A8A0A63}.Debug|x64.ActiveCfg = Debug|Any CPU
		{3B0FB420-5AA3-454F-9E59-62066A8A0A63}.Debug|x64.Build.0 = Debug|Any CPU
		{3B0FB420-5AA3-454F-9E59-62066A8A0A63}.Debug|x86.ActiveCfg = Debug|Any CPU
		{3B0FB420-5AA3-454F-9E59-62066A8A0A63}.Debug|x86.Build.0 = Debug|Any CPU
		{3B0FB420-5AA3-454F-9E59-62066A8A0A63}.Release|Any CPU.ActiveCfg = Release|Any CPU
		{3B0FB420-5AA3-454F-9E59-62066A8A0A63}.Release|Any CPU.Build.0 = Release|Any CPU
		{3B0FB420-5AA3-454F-9E59-62066A8A0A63}.Release|ARM.ActiveCfg = Release|Any CPU
		{3B0FB420-5AA3-454F-9E59-62066A8A0A63}.Release|ARM.Build.0 = Release|Any CPU
		{3B0FB420-5AA3-454F-9E59-62066A8A0A63}.Release|x64.ActiveCfg = Release|Any CPU
		{3B0FB420-5AA3-454F-9E59-62066A8A0A63}.Release|x64.Build.0 = Release|Any CPU
		{3B0FB420-5AA3-454F-9E59-62066A8A0A63}.Release|x86.ActiveCfg = Release|Any CPU
		{3B0FB420-5AA3-454F-9E59-62066A8A0A63}.Release|x86.Build.0 = Release|Any CPU
	EndGlobalSection
	GlobalSection(SolutionProperties) = preSolution
		HideSolutionNode = FALSE
	EndGlobalSection
	GlobalSection(NestedProjects) = preSolution
		{B2E324D1-5206-4EAC-9230-2F13920EB00F} = {B564B1ED-E745-4E8F-912A-1D197F8E19BE}
		{5AF554B3-3A1D-4DC3-98B1-A20FE7EBE802} = {B564B1ED-E745-4E8F-912A-1D197F8E19BE}
		{0A78BEBB-B3B3-4B21-B4AD-44AB5028F00A} = {A57A8A54-3466-4A36-9FBC-0B863F28563D}
		{1E0081D8-D9FF-422A-832A-42407B6FB6A1} = {75B9FE63-2BF3-4277-BE4E-1C747CADFE1D}
		{82AB8B57-6810-4E23-8DDE-82F99F7C7E65} = {0DB2BB9D-AF95-4634-83DB-1C55931614B9}
		{3B0FB420-5AA3-454F-9E59-62066A8A0A63} = {B2E324D1-5206-4EAC-9230-2F13920EB00F}
	EndGlobalSection
	GlobalSection(ExtensibilityGlobals) = postSolution
		SolutionGuid = {22EFB1CE-DA8F-4CF4-A195-AD5E864317F6}
	EndGlobalSection
EndGlobal
