
Microsoft Visual Studio Solution File, Format Version 12.00
# Visual Studio 15
VisualStudioVersion = 15.0.27130.2010
MinimumVisualStudioVersion = 10.0.40219.1
Project("{2150E333-8FDC-42A3-9474-1A3956D46DE8}") = "1- UI", "1- UI", "{3B7D0A94-69F9-4A78-AEA1-A909D9BE0107}"
EndProject
Project("{2150E333-8FDC-42A3-9474-1A3956D46DE8}") = "2- Domain", "2- Domain", "{3230F10E-BB05-4971-82C9-44E7FF6ABEC6}"
EndProject
Project("{2150E333-8FDC-42A3-9474-1A3956D46DE8}") = "3- Infrastructure", "3- Infrastructure", "{99F60E96-7644-4EEE-A1D5-1AA2B8C4ED46}"
EndProject
Project("{FAE04EC0-301F-11D3-BF4B-00C04F79EFBC}") = "HelpDesk.Domain", "HelpDesk.Domain\HelpDesk.Domain.csproj", "{40A997E7-B1AD-4180-A9CC-A1825F5C1F7F}"
EndProject
Project("{FAE04EC0-301F-11D3-BF4B-00C04F79EFBC}") = "Helpdesk.Infrastructure", "Helpdesk.Infrastructure\Helpdesk.Infrastructure.csproj", "{E045F52B-867B-4745-975C-A2850A4ACD51}"
EndProject
Project("{2150E333-8FDC-42A3-9474-1A3956D46DE8}") = "4- BLL", "4- BLL", "{1B117FBE-621E-43B7-88A0-2EECED7DA439}"
EndProject
Project("{FAE04EC0-301F-11D3-BF4B-00C04F79EFBC}") = "HelpDesk.BLL", "HelpDesk.BLL\HelpDesk.BLL.csproj", "{01C5663B-6583-4F7C-9530-375865D5C148}"
EndProject
Project("{FAE04EC0-301F-11D3-BF4B-00C04F79EFBC}") = "HelpDesk.Desktop", "HelpDesk.Desktop\HelpDesk.Desktop.csproj", "{793A47D5-A2B9-454F-B79A-24B7CDB86C18}"
EndProject
Global
	GlobalSection(SolutionConfigurationPlatforms) = preSolution
		Debug|Any CPU = Debug|Any CPU
		Debug|ARM = Debug|ARM
		Debug|x64 = Debug|x64
		Debug|x86 = Debug|x86
		Release|Any CPU = Release|Any CPU
		Release|ARM = Release|ARM
		Release|x64 = Release|x64
		Release|x86 = Release|x86
	EndGlobalSection
	GlobalSection(ProjectConfigurationPlatforms) = postSolution
		{40A997E7-B1AD-4180-A9CC-A1825F5C1F7F}.Debug|Any CPU.ActiveCfg = Debug|Any CPU
		{40A997E7-B1AD-4180-A9CC-A1825F5C1F7F}.Debug|Any CPU.Build.0 = Debug|Any CPU
		{40A997E7-B1AD-4180-A9CC-A1825F5C1F7F}.Debug|ARM.ActiveCfg = Debug|Any CPU
		{40A997E7-B1AD-4180-A9CC-A1825F5C1F7F}.Debug|ARM.Build.0 = Debug|Any CPU
		{40A997E7-B1AD-4180-A9CC-A1825F5C1F7F}.Debug|x64.ActiveCfg = Debug|Any CPU
		{40A997E7-B1AD-4180-A9CC-A1825F5C1F7F}.Debug|x64.Build.0 = Debug|Any CPU
		{40A997E7-B1AD-4180-A9CC-A1825F5C1F7F}.Debug|x86.ActiveCfg = Debug|Any CPU
		{40A997E7-B1AD-4180-A9CC-A1825F5C1F7F}.Debug|x86.Build.0 = Debug|Any CPU
		{40A997E7-B1AD-4180-A9CC-A1825F5C1F7F}.Release|Any CPU.ActiveCfg = Release|Any CPU
		{40A997E7-B1AD-4180-A9CC-A1825F5C1F7F}.Release|Any CPU.Build.0 = Release|Any CPU
		{40A997E7-B1AD-4180-A9CC-A1825F5C1F7F}.Release|ARM.ActiveCfg = Release|Any CPU
		{40A997E7-B1AD-4180-A9CC-A1825F5C1F7F}.Release|ARM.Build.0 = Release|Any CPU
		{40A997E7-B1AD-4180-A9CC-A1825F5C1F7F}.Release|x64.ActiveCfg = Release|Any CPU
		{40A997E7-B1AD-4180-A9CC-A1825F5C1F7F}.Release|x64.Build.0 = Release|Any CPU
		{40A997E7-B1AD-4180-A9CC-A1825F5C1F7F}.Release|x86.ActiveCfg = Release|Any CPU
		{40A997E7-B1AD-4180-A9CC-A1825F5C1F7F}.Release|x86.Build.0 = Release|Any CPU
		{E045F52B-867B-4745-975C-A2850A4ACD51}.Debug|Any CPU.ActiveCfg = Debug|Any CPU
		{E045F52B-867B-4745-975C-A2850A4ACD51}.Debug|Any CPU.Build.0 = Debug|Any CPU
		{E045F52B-867B-4745-975C-A2850A4ACD51}.Debug|ARM.ActiveCfg = Debug|Any CPU
		{E045F52B-867B-4745-975C-A2850A4ACD51}.Debug|ARM.Build.0 = Debug|Any CPU
		{E045F52B-867B-4745-975C-A2850A4ACD51}.Debug|x64.ActiveCfg = Debug|Any CPU
		{E045F52B-867B-4745-975C-A2850A4ACD51}.Debug|x64.Build.0 = Debug|Any CPU
		{E045F52B-867B-4745-975C-A2850A4ACD51}.Debug|x86.ActiveCfg = Debug|Any CPU
		{E045F52B-867B-4745-975C-A2850A4ACD51}.Debug|x86.Build.0 = Debug|Any CPU
		{E045F52B-867B-4745-975C-A2850A4ACD51}.Release|Any CPU.ActiveCfg = Release|Any CPU
		{E045F52B-867B-4745-975C-A2850A4ACD51}.Release|Any CPU.Build.0 = Release|Any CPU
		{E045F52B-867B-4745-975C-A2850A4ACD51}.Release|ARM.ActiveCfg = Release|Any CPU
		{E045F52B-867B-4745-975C-A2850A4ACD51}.Release|ARM.Build.0 = Release|Any CPU
		{E045F52B-867B-4745-975C-A2850A4ACD51}.Release|x64.ActiveCfg = Release|Any CPU
		{E045F52B-867B-4745-975C-A2850A4ACD51}.Release|x64.Build.0 = Release|Any CPU
		{E045F52B-867B-4745-975C-A2850A4ACD51}.Release|x86.ActiveCfg = Release|Any CPU
		{E045F52B-867B-4745-975C-A2850A4ACD51}.Release|x86.Build.0 = Release|Any CPU
		{01C5663B-6583-4F7C-9530-375865D5C148}.Debug|Any CPU.ActiveCfg = Debug|Any CPU
		{01C5663B-6583-4F7C-9530-375865D5C148}.Debug|Any CPU.Build.0 = Debug|Any CPU
		{01C5663B-6583-4F7C-9530-375865D5C148}.Debug|ARM.ActiveCfg = Debug|Any CPU
		{01C5663B-6583-4F7C-9530-375865D5C148}.Debug|ARM.Build.0 = Debug|Any CPU
		{01C5663B-6583-4F7C-9530-375865D5C148}.Debug|x64.ActiveCfg = Debug|Any CPU
		{01C5663B-6583-4F7C-9530-375865D5C148}.Debug|x64.Build.0 = Debug|Any CPU
		{01C5663B-6583-4F7C-9530-375865D5C148}.Debug|x86.ActiveCfg = Debug|Any CPU
		{01C5663B-6583-4F7C-9530-375865D5C148}.Debug|x86.Build.0 = Debug|Any CPU
		{01C5663B-6583-4F7C-9530-375865D5C148}.Release|Any CPU.ActiveCfg = Release|Any CPU
		{01C5663B-6583-4F7C-9530-375865D5C148}.Release|Any CPU.Build.0 = Release|Any CPU
		{01C5663B-6583-4F7C-9530-375865D5C148}.Release|ARM.ActiveCfg = Release|Any CPU
		{01C5663B-6583-4F7C-9530-375865D5C148}.Release|ARM.Build.0 = Release|Any CPU
		{01C5663B-6583-4F7C-9530-375865D5C148}.Release|x64.ActiveCfg = Release|Any CPU
		{01C5663B-6583-4F7C-9530-375865D5C148}.Release|x64.Build.0 = Release|Any CPU
		{01C5663B-6583-4F7C-9530-375865D5C148}.Release|x86.ActiveCfg = Release|Any CPU
		{01C5663B-6583-4F7C-9530-375865D5C148}.Release|x86.Build.0 = Release|Any CPU
		{793A47D5-A2B9-454F-B79A-24B7CDB86C18}.Debug|Any CPU.ActiveCfg = Debug|Any CPU
		{793A47D5-A2B9-454F-B79A-24B7CDB86C18}.Debug|Any CPU.Build.0 = Debug|Any CPU
		{793A47D5-A2B9-454F-B79A-24B7CDB86C18}.Debug|ARM.ActiveCfg = Debug|Any CPU
		{793A47D5-A2B9-454F-B79A-24B7CDB86C18}.Debug|ARM.Build.0 = Debug|Any CPU
		{793A47D5-A2B9-454F-B79A-24B7CDB86C18}.Debug|x64.ActiveCfg = Debug|Any CPU
		{793A47D5-A2B9-454F-B79A-24B7CDB86C18}.Debug|x64.Build.0 = Debug|Any CPU
		{793A47D5-A2B9-454F-B79A-24B7CDB86C18}.Debug|x86.ActiveCfg = Debug|Any CPU
		{793A47D5-A2B9-454F-B79A-24B7CDB86C18}.Debug|x86.Build.0 = Debug|Any CPU
		{793A47D5-A2B9-454F-B79A-24B7CDB86C18}.Release|Any CPU.ActiveCfg = Release|Any CPU
		{793A47D5-A2B9-454F-B79A-24B7CDB86C18}.Release|Any CPU.Build.0 = Release|Any CPU
		{793A47D5-A2B9-454F-B79A-24B7CDB86C18}.Release|ARM.ActiveCfg = Release|Any CPU
		{793A47D5-A2B9-454F-B79A-24B7CDB86C18}.Release|ARM.Build.0 = Release|Any CPU
		{793A47D5-A2B9-454F-B79A-24B7CDB86C18}.Release|x64.ActiveCfg = Release|Any CPU
		{793A47D5-A2B9-454F-B79A-24B7CDB86C18}.Release|x64.Build.0 = Release|Any CPU
		{793A47D5-A2B9-454F-B79A-24B7CDB86C18}.Release|x86.ActiveCfg = Release|Any CPU
		{793A47D5-A2B9-454F-B79A-24B7CDB86C18}.Release|x86.Build.0 = Release|Any CPU
	EndGlobalSection
	GlobalSection(SolutionProperties) = preSolution
		HideSolutionNode = FALSE
	EndGlobalSection
	GlobalSection(NestedProjects) = preSolution
		{40A997E7-B1AD-4180-A9CC-A1825F5C1F7F} = {3230F10E-BB05-4971-82C9-44E7FF6ABEC6}
		{E045F52B-867B-4745-975C-A2850A4ACD51} = {99F60E96-7644-4EEE-A1D5-1AA2B8C4ED46}
		{01C5663B-6583-4F7C-9530-375865D5C148} = {1B117FBE-621E-43B7-88A0-2EECED7DA439}
		{793A47D5-A2B9-454F-B79A-24B7CDB86C18} = {3B7D0A94-69F9-4A78-AEA1-A909D9BE0107}
	EndGlobalSection
	GlobalSection(ExtensibilityGlobals) = postSolution
		SolutionGuid = {22EFB1CE-DA8F-4CF4-A195-AD5E864317F6}
	EndGlobalSection
EndGlobal
